lockfileVersion: '6.0'

settings:
  autoInstallPeers: true
  excludeLinksFromLockfile: false

devDependencies:
  '@biomejs/biome':
    specifier: 1.7.3
    version: 1.7.3
  vite:
    specifier: 4.0.5
    version: 4.0.5

packages:

  /@biomejs/biome@1.7.3:
    resolution: {integrity: sha512-ogFQI+fpXftr+tiahA6bIXwZ7CSikygASdqMtH07J2cUzrpjyTMVc9Y97v23c7/tL1xCZhM+W9k4hYIBm7Q6cQ==}
    engines: {node: '>=14.21.3'}
    hasBin: true
    requiresBuild: true
    optionalDependencies:
      '@biomejs/cli-darwin-arm64': 1.7.3
      '@biomejs/cli-darwin-x64': 1.7.3
      '@biomejs/cli-linux-arm64': 1.7.3
      '@biomejs/cli-linux-arm64-musl': 1.7.3
      '@biomejs/cli-linux-x64': 1.7.3
      '@biomejs/cli-linux-x64-musl': 1.7.3
      '@biomejs/cli-win32-arm64': 1.7.3
      '@biomejs/cli-win32-x64': 1.7.3
    dev: true

  /@biomejs/cli-darwin-arm64@1.7.3:
    resolution: {integrity: sha512-eDvLQWmGRqrPIRY7AIrkPHkQ3visEItJKkPYSHCscSDdGvKzYjmBJwG1Gu8+QC5ed6R7eiU63LEC0APFBobmfQ==}
    engines: {node: '>=14.21.3'}
    cpu: [arm64]
    os: [darwin]
    requiresBuild: true
    dev: true
    optional: true

  /@biomejs/cli-darwin-x64@1.7.3:
    resolution: {integrity: sha512-JXCaIseKRER7dIURsVlAJacnm8SG5I0RpxZ4ya3dudASYUc68WGl4+FEN03ABY3KMIq7hcK1tzsJiWlmXyosZg==}
    engines: {node: '>=14.21.3'}
    cpu: [x64]
    os: [darwin]
    requiresBuild: true
    dev: true
    optional: true

  /@biomejs/cli-linux-arm64-musl@1.7.3:
    resolution: {integrity: sha512-c8AlO45PNFZ1BYcwaKzdt46kYbuP6xPGuGQ6h4j3XiEDpyseRRUy/h+6gxj07XovmyxKnSX9GSZ6nVbZvcVUAw==}
    engines: {node: '>=14.21.3'}
    cpu: [arm64]
    os: [linux]
    requiresBuild: true
    dev: true
    optional: true

  /@biomejs/cli-linux-arm64@1.7.3:
    resolution: {integrity: sha512-phNTBpo7joDFastnmZsFjYcDYobLTx4qR4oPvc9tJ486Bd1SfEVPHEvJdNJrMwUQK56T+TRClOQd/8X1nnjA9w==}
    engines: {node: '>=14.21.3'}
    cpu: [arm64]
    os: [linux]
    requiresBuild: true
    dev: true
    optional: true

  /@biomejs/cli-linux-x64-musl@1.7.3:
    resolution: {integrity: sha512-UdEHKtYGWEX3eDmVWvQeT+z05T9/Sdt2+F/7zmMOFQ7boANeX8pcO6EkJPK3wxMudrApsNEKT26rzqK6sZRTRA==}
    engines: {node: '>=14.21.3'}
    cpu: [x64]
    os: [linux]
    requiresBuild: true
    dev: true
    optional: true

  /@biomejs/cli-linux-x64@1.7.3:
    resolution: {integrity: sha512-vnedYcd5p4keT3iD48oSKjOIRPYcjSNNbd8MO1bKo9ajg3GwQXZLAH+0Cvlr+eMsO67/HddWmscSQwTFrC/uPA==}
    engines: {node: '>=14.21.3'}
    cpu: [x64]
    os: [linux]
    requiresBuild: true
    dev: true
    optional: true

  /@biomejs/cli-win32-arm64@1.7.3:
    resolution: {integrity: sha512-unNCDqUKjujYkkSxs7gFIfdasttbDC4+z0kYmcqzRk6yWVoQBL4dNLcCbdnJS+qvVDNdI9rHp2NwpQ0WAdla4Q==}
    engines: {node: '>=14.21.3'}
    cpu: [arm64]
    os: [win32]
    requiresBuild: true
    dev: true
    optional: true

  /@biomejs/cli-win32-x64@1.7.3:
    resolution: {integrity: sha512-ZmByhbrnmz/UUFYB622CECwhKIPjJLLPr5zr3edhu04LzbfcOrz16VYeNq5dpO1ADG70FORhAJkaIGdaVBG00w==}
    engines: {node: '>=14.21.3'}
    cpu: [x64]
    os: [win32]
    requiresBuild: true
    dev: true
    optional: true

  /@esbuild/android-arm64@0.16.17:
    resolution: {integrity: sha512-MIGl6p5sc3RDTLLkYL1MyL8BMRN4tLMRCn+yRJJmEDvYZ2M7tmAf80hx1kbNEUX2KJ50RRtxZ4JHLvCfuB6kBg==}
    engines: {node: '>=12'}
    cpu: [arm64]
    os: [android]
    requiresBuild: true
    dev: true
    optional: true

  /@esbuild/android-arm@0.16.17:
    resolution: {integrity: sha512-N9x1CMXVhtWEAMS7pNNONyA14f71VPQN9Cnavj1XQh6T7bskqiLLrSca4O0Vr8Wdcga943eThxnVp3JLnBMYtw==}
    engines: {node: '>=12'}
    cpu: [arm]
    os: [android]
    requiresBuild: true
    dev: true
    optional: true

  /@esbuild/android-x64@0.16.17:
    resolution: {integrity: sha512-a3kTv3m0Ghh4z1DaFEuEDfz3OLONKuFvI4Xqczqx4BqLyuFaFkuaG4j2MtA6fuWEFeC5x9IvqnX7drmRq/fyAQ==}
    engines: {node: '>=12'}
    cpu: [x64]
    os: [android]
    requiresBuild: true
    dev: true
    optional: true

  /@esbuild/darwin-arm64@0.16.17:
    resolution: {integrity: sha512-/2agbUEfmxWHi9ARTX6OQ/KgXnOWfsNlTeLcoV7HSuSTv63E4DqtAc+2XqGw1KHxKMHGZgbVCZge7HXWX9Vn+w==}
    engines: {node: '>=12'}
    cpu: [arm64]
    os: [darwin]
    requiresBuild: true
    dev: true
    optional: true

  /@esbuild/darwin-x64@0.16.17:
    resolution: {integrity: sha512-2By45OBHulkd9Svy5IOCZt376Aa2oOkiE9QWUK9fe6Tb+WDr8hXL3dpqi+DeLiMed8tVXspzsTAvd0jUl96wmg==}
    engines: {node: '>=12'}
    cpu: [x64]
    os: [darwin]
    requiresBuild: true
    dev: true
    optional: true

  /@esbuild/freebsd-arm64@0.16.17:
    resolution: {integrity: sha512-mt+cxZe1tVx489VTb4mBAOo2aKSnJ33L9fr25JXpqQqzbUIw/yzIzi+NHwAXK2qYV1lEFp4OoVeThGjUbmWmdw==}
    engines: {node: '>=12'}
    cpu: [arm64]
    os: [freebsd]
    requiresBuild: true
    dev: true
    optional: true

  /@esbuild/freebsd-x64@0.16.17:
    resolution: {integrity: sha512-8ScTdNJl5idAKjH8zGAsN7RuWcyHG3BAvMNpKOBaqqR7EbUhhVHOqXRdL7oZvz8WNHL2pr5+eIT5c65kA6NHug==}
    engines: {node: '>=12'}
    cpu: [x64]
    os: [freebsd]
    requiresBuild: true
    dev: true
    optional: true

  /@esbuild/linux-arm64@0.16.17:
    resolution: {integrity: sha512-7S8gJnSlqKGVJunnMCrXHU9Q8Q/tQIxk/xL8BqAP64wchPCTzuM6W3Ra8cIa1HIflAvDnNOt2jaL17vaW+1V0g==}
    engines: {node: '>=12'}
    cpu: [arm64]
    os: [linux]
    requiresBuild: true
    dev: true
    optional: true

  /@esbuild/linux-arm@0.16.17:
    resolution: {integrity: sha512-iihzrWbD4gIT7j3caMzKb/RsFFHCwqqbrbH9SqUSRrdXkXaygSZCZg1FybsZz57Ju7N/SHEgPyaR0LZ8Zbe9gQ==}
    engines: {node: '>=12'}
    cpu: [arm]
    os: [linux]
    requiresBuild: true
    dev: true
    optional: true

  /@esbuild/linux-ia32@0.16.17:
    resolution: {integrity: sha512-kiX69+wcPAdgl3Lonh1VI7MBr16nktEvOfViszBSxygRQqSpzv7BffMKRPMFwzeJGPxcio0pdD3kYQGpqQ2SSg==}
    engines: {node: '>=12'}
    cpu: [ia32]
    os: [linux]
    requiresBuild: true
    dev: true
    optional: true

  /@esbuild/linux-loong64@0.16.17:
    resolution: {integrity: sha512-dTzNnQwembNDhd654cA4QhbS9uDdXC3TKqMJjgOWsC0yNCbpzfWoXdZvp0mY7HU6nzk5E0zpRGGx3qoQg8T2DQ==}
    engines: {node: '>=12'}
    cpu: [loong64]
    os: [linux]
    requiresBuild: true
    dev: true
    optional: true

  /@esbuild/linux-mips64el@0.16.17:
    resolution: {integrity: sha512-ezbDkp2nDl0PfIUn0CsQ30kxfcLTlcx4Foz2kYv8qdC6ia2oX5Q3E/8m6lq84Dj/6b0FrkgD582fJMIfHhJfSw==}
    engines: {node: '>=12'}
    cpu: [mips64el]
    os: [linux]
    requiresBuild: true
    dev: true
    optional: true

  /@esbuild/linux-ppc64@0.16.17:
    resolution: {integrity: sha512-dzS678gYD1lJsW73zrFhDApLVdM3cUF2MvAa1D8K8KtcSKdLBPP4zZSLy6LFZ0jYqQdQ29bjAHJDgz0rVbLB3g==}
    engines: {node: '>=12'}
    cpu: [ppc64]
    os: [linux]
    requiresBuild: true
    dev: true
    optional: true

  /@esbuild/linux-riscv64@0.16.17:
    resolution: {integrity: sha512-ylNlVsxuFjZK8DQtNUwiMskh6nT0vI7kYl/4fZgV1llP5d6+HIeL/vmmm3jpuoo8+NuXjQVZxmKuhDApK0/cKw==}
    engines: {node: '>=12'}
    cpu: [riscv64]
    os: [linux]
    requiresBuild: true
    dev: true
    optional: true

  /@esbuild/linux-s390x@0.16.17:
    resolution: {integrity: sha512-gzy7nUTO4UA4oZ2wAMXPNBGTzZFP7mss3aKR2hH+/4UUkCOyqmjXiKpzGrY2TlEUhbbejzXVKKGazYcQTZWA/w==}
    engines: {node: '>=12'}
    cpu: [s390x]
    os: [linux]
    requiresBuild: true
    dev: true
    optional: true

  /@esbuild/linux-x64@0.16.17:
    resolution: {integrity: sha512-mdPjPxfnmoqhgpiEArqi4egmBAMYvaObgn4poorpUaqmvzzbvqbowRllQ+ZgzGVMGKaPkqUmPDOOFQRUFDmeUw==}
    engines: {node: '>=12'}
    cpu: [x64]
    os: [linux]
    requiresBuild: true
    dev: true
    optional: true

  /@esbuild/netbsd-x64@0.16.17:
    resolution: {integrity: sha512-/PzmzD/zyAeTUsduZa32bn0ORug+Jd1EGGAUJvqfeixoEISYpGnAezN6lnJoskauoai0Jrs+XSyvDhppCPoKOA==}
    engines: {node: '>=12'}
    cpu: [x64]
    os: [netbsd]
    requiresBuild: true
    dev: true
    optional: true

  /@esbuild/openbsd-x64@0.16.17:
    resolution: {integrity: sha512-2yaWJhvxGEz2RiftSk0UObqJa/b+rIAjnODJgv2GbGGpRwAfpgzyrg1WLK8rqA24mfZa9GvpjLcBBg8JHkoodg==}
    engines: {node: '>=12'}
    cpu: [x64]
    os: [openbsd]
    requiresBuild: true
    dev: true
    optional: true

  /@esbuild/sunos-x64@0.16.17:
    resolution: {integrity: sha512-xtVUiev38tN0R3g8VhRfN7Zl42YCJvyBhRKw1RJjwE1d2emWTVToPLNEQj/5Qxc6lVFATDiy6LjVHYhIPrLxzw==}
    engines: {node: '>=12'}
    cpu: [x64]
    os: [sunos]
    requiresBuild: true
    dev: true
    optional: true

  /@esbuild/win32-arm64@0.16.17:
    resolution: {integrity: sha512-ga8+JqBDHY4b6fQAmOgtJJue36scANy4l/rL97W+0wYmijhxKetzZdKOJI7olaBaMhWt8Pac2McJdZLxXWUEQw==}
    engines: {node: '>=12'}
    cpu: [arm64]
    os: [win32]
    requiresBuild: true
    dev: true
    optional: true

  /@esbuild/win32-ia32@0.16.17:
    resolution: {integrity: sha512-WnsKaf46uSSF/sZhwnqE4L/F89AYNMiD4YtEcYekBt9Q7nj0DiId2XH2Ng2PHM54qi5oPrQ8luuzGszqi/veig==}
    engines: {node: '>=12'}
    cpu: [ia32]
    os: [win32]
    requiresBuild: true
    dev: true
    optional: true

  /@esbuild/win32-x64@0.16.17:
    resolution: {integrity: sha512-y+EHuSchhL7FjHgvQL/0fnnFmO4T1bhvWANX6gcnqTjtnKWbTvUMCpGnv2+t+31d7RzyEAYAd4u2fnIhHL6N/Q==}
    engines: {node: '>=12'}
    cpu: [x64]
    os: [win32]
    requiresBuild: true
    dev: true
    optional: true

  /esbuild@0.16.17:
    resolution: {integrity: sha512-G8LEkV0XzDMNwXKgM0Jwu3nY3lSTwSGY6XbxM9cr9+s0T/qSV1q1JVPBGzm3dcjhCic9+emZDmMffkwgPeOeLg==}
    engines: {node: '>=12'}
    hasBin: true
    requiresBuild: true
    optionalDependencies:
      '@esbuild/android-arm': 0.16.17
      '@esbuild/android-arm64': 0.16.17
      '@esbuild/android-x64': 0.16.17
      '@esbuild/darwin-arm64': 0.16.17
      '@esbuild/darwin-x64': 0.16.17
      '@esbuild/freebsd-arm64': 0.16.17
      '@esbuild/freebsd-x64': 0.16.17
      '@esbuild/linux-arm': 0.16.17
      '@esbuild/linux-arm64': 0.16.17
      '@esbuild/linux-ia32': 0.16.17
      '@esbuild/linux-loong64': 0.16.17
      '@esbuild/linux-mips64el': 0.16.17
      '@esbuild/linux-ppc64': 0.16.17
      '@esbuild/linux-riscv64': 0.16.17
      '@esbuild/linux-s390x': 0.16.17
      '@esbuild/linux-x64': 0.16.17
      '@esbuild/netbsd-x64': 0.16.17
      '@esbuild/openbsd-x64': 0.16.17
      '@esbuild/sunos-x64': 0.16.17
      '@esbuild/win32-arm64': 0.16.17
      '@esbuild/win32-ia32': 0.16.17
      '@esbuild/win32-x64': 0.16.17
    dev: true

  /fsevents@2.3.3:
    resolution: {integrity: sha512-5xoDfX+fL7faATnagmWPpbFtwh/R77WmMMqqHGS65C3vvB0YHrgF+B1YmZ3441tMj5n63k0212XNoJwzlhffQw==}
    engines: {node: ^8.16.0 || ^10.6.0 || >=11.0.0}
    os: [darwin]
    requiresBuild: true
    dev: true
    optional: true

  /function-bind@1.1.2:
    resolution: {integrity: sha512-7XHNxH7qX9xG5mIwxkhumTox/MIRNcOgDrxWsMt2pAr23WHp6MrRlN7FBSFpCpr+oVO0F744iUgR82nJMfG2SA==}
    dev: true

  /hasown@2.0.2:
    resolution: {integrity: sha512-0hJU9SCPvmMzIBdZFqNPXWa6dqh7WdH0cII9y+CyS8rG3nL48Bclra9HmKhVVUHyPWNH5Y7xDwAB7bfgSjkUMQ==}
    engines: {node: '>= 0.4'}
    dependencies:
      function-bind: 1.1.2
    dev: true

  /is-core-module@2.13.1:
    resolution: {integrity: sha512-hHrIjvZsftOsvKSn2TRYl63zvxsgE0K+0mYMoH6gD4omR5IWB2KynivBQczo3+wF1cCkjzvptnI9Q0sPU66ilw==}
    dependencies:
      hasown: 2.0.2
    dev: true

  /nanoid@3.3.7:
    resolution: {integrity: sha512-eSRppjcPIatRIMC1U6UngP8XFcz8MQWGQdt1MTBQ7NaAmvXDfvNxbvWV3x2y6CdEUciCSsDHDQZbhYaB8QEo2g==}
    engines: {node: ^10 || ^12 || ^13.7 || ^14 || >=15.0.1}
    hasBin: true
    dev: true

  /path-parse@1.0.7:
    resolution: {integrity: sha512-LDJzPVEEEPR+y48z93A0Ed0yXb8pAByGWo/k5YYdYgpY2/2EsOsksJrq7lOHxryrVOn1ejG6oAp8ahvOIQD8sw==}
    dev: true

  /picocolors@1.0.0:
    resolution: {integrity: sha512-1fygroTLlHu66zi26VoTDv8yRgm0Fccecssto+MhsZ0D/DGW2sm8E8AjW7NU5VVTRt5GxbeZ5qBuJr+HyLYkjQ==}
    dev: true

  /postcss@8.4.38:
    resolution: {integrity: sha512-Wglpdk03BSfXkHoQa3b/oulrotAkwrlLDRSOb9D0bN86FdRyE9lppSp33aHNPgBa0JKCoB+drFLZkQoRRYae5A==}
    engines: {node: ^10 || ^12 || >=14}
    dependencies:
      nanoid: 3.3.7
      picocolors: 1.0.0
      source-map-js: 1.2.0
    dev: true

  /resolve@1.22.8:
    resolution: {integrity: sha512-oKWePCxqpd6FlLvGV1VU0x7bkPmmCNolxzjMf4NczoDnQcIWrAF+cPtZn5i6n+RfD2d9i0tzpKnG6Yk168yIyw==}
    hasBin: true
    dependencies:
      is-core-module: 2.13.1
      path-parse: 1.0.7
      supports-preserve-symlinks-flag: 1.0.0
    dev: true

  /rollup@3.29.4:
    resolution: {integrity: sha512-oWzmBZwvYrU0iJHtDmhsm662rC15FRXmcjCk1xD771dFDx5jJ02ufAQQTn0etB2emNk4J9EZg/yWKpsn9BWGRw==}
    engines: {node: '>=14.18.0', npm: '>=8.0.0'}
    hasBin: true
    optionalDependencies:
      fsevents: 2.3.3
    dev: true

  /source-map-js@1.2.0:
    resolution: {integrity: sha512-itJW8lvSA0TXEphiRoawsCksnlf8SyvmFzIhltqAHluXd88pkCd+cXJVHTDwdCr0IzwptSm035IHQktUu1QUMg==}
    engines: {node: '>=0.10.0'}
    dev: true

  /supports-preserve-symlinks-flag@1.0.0:
    resolution: {integrity: sha512-ot0WnXS9fgdkgIcePe6RHNk1WA8+muPa6cSjeR3V8K27q9BB1rTE3R1p7Hv0z1ZyAc8s6Vvv8DIyWf681MAt0w==}
    engines: {node: '>= 0.4'}
    dev: true

  /vite@4.0.5:
    resolution: {integrity: sha512-7m87RC+caiAxG+8j3jObveRLqaWA/neAdCat6JAZwMkSWqFHOvg8MYe5fAQxVBRAuKAQ1S6XDh3CBQuLNbY33w==}
    engines: {node: ^14.18.0 || >=16.0.0}
    hasBin: true
    peerDependencies:
      '@types/node': '>= 14'
      less: '*'
      sass: '*'
      stylus: '*'
      sugarss: '*'
      terser: ^5.4.0
    peerDependenciesMeta:
      '@types/node':
        optional: true
      less:
        optional: true
      sass:
        optional: true
      stylus:
        optional: true
      sugarss:
        optional: true
      terser:
        optional: true
    dependencies:
      esbuild: 0.16.17
      postcss: 8.4.38
      resolve: 1.22.8
      rollup: 3.29.4
    optionalDependencies:
      fsevents: 2.3.3
    dev: true
